
Microsoft Visual Studio Solution File, Format Version 12.00
# Visual Studio 2012
Project("{FAE04EC0-301F-11D3-BF4B-00C04F79EFBC}") = "Skadoosh.Store", "Skadoosh.Store\Skadoosh.Store.csproj", "{7BB9BE9B-57DD-4763-A8EC-790076FA060A}"
EndProject
Project("{FAE04EC0-301F-11D3-BF4B-00C04F79EFBC}") = "Skadoosh.Droid", "Skadoosh.Droid\Skadoosh.Droid.csproj", "{73EA7523-1813-444F-AC92-73439BC2E4AD}"
EndProject
Project("{FAE04EC0-301F-11D3-BF4B-00C04F79EFBC}") = "Skadoosh.Common", "Skadoosh.Common\Skadoosh.Common.csproj", "{D581C680-87EF-4E94-A57A-4E75C8DBA8A2}"
EndProject
Project("{FAE04EC0-301F-11D3-BF4B-00C04F79EFBC}") = "Skadoosh.Touch.UnitTest", "Skadoosh.Touch.UnitTest\Skadoosh.Touch.UnitTest.csproj", "{74FD09C0-B2DB-4F5F-8E66-43A255844DEA}"
EndProject
Project("{FAE04EC0-301F-11D3-BF4B-00C04F79EFBC}") = "Common.Library", "Common.Library\Common.Library.csproj", "{48132509-6796-4A1E-A327-02546AA95EDD}"
EndProject
Project("{FAE04EC0-301F-11D3-BF4B-00C04F79EFBC}") = "Skadoosh.Phone", "Skadoosh.Phone\Skadoosh.Phone.csproj", "{C7C0BE9D-0293-4E6C-A135-B0B336DCA609}"
EndProject
Project("{FAE04EC0-301F-11D3-BF4B-00C04F79EFBC}") = "Skadoosh.TouchPad", "Skadoosh.TouchPad\Skadoosh.TouchPad.csproj", "{5198FC97-4A90-4837-AB6A-140E02CE533E}"
EndProject
Global
	GlobalSection(SolutionConfigurationPlatforms) = preSolution
		Ad-Hoc|Any CPU = Ad-Hoc|Any CPU
		Ad-Hoc|ARM = Ad-Hoc|ARM
		Ad-Hoc|iPhone = Ad-Hoc|iPhone
		Ad-Hoc|iPhoneSimulator = Ad-Hoc|iPhoneSimulator
		Ad-Hoc|Mixed Platforms = Ad-Hoc|Mixed Platforms
		Ad-Hoc|x64 = Ad-Hoc|x64
		Ad-Hoc|x86 = Ad-Hoc|x86
		AppStore|Any CPU = AppStore|Any CPU
		AppStore|ARM = AppStore|ARM
		AppStore|iPhone = AppStore|iPhone
		AppStore|iPhoneSimulator = AppStore|iPhoneSimulator
		AppStore|Mixed Platforms = AppStore|Mixed Platforms
		AppStore|x64 = AppStore|x64
		AppStore|x86 = AppStore|x86
		Debug|Any CPU = Debug|Any CPU
		Debug|ARM = Debug|ARM
		Debug|iPhone = Debug|iPhone
		Debug|iPhoneSimulator = Debug|iPhoneSimulator
		Debug|Mixed Platforms = Debug|Mixed Platforms
		Debug|x64 = Debug|x64
		Debug|x86 = Debug|x86
		Release|Any CPU = Release|Any CPU
		Release|ARM = Release|ARM
		Release|iPhone = Release|iPhone
		Release|iPhoneSimulator = Release|iPhoneSimulator
		Release|Mixed Platforms = Release|Mixed Platforms
		Release|x64 = Release|x64
		Release|x86 = Release|x86
	EndGlobalSection
	GlobalSection(ProjectConfigurationPlatforms) = postSolution
		{7BB9BE9B-57DD-4763-A8EC-790076FA060A}.Ad-Hoc|Any CPU.ActiveCfg = Release|Any CPU
		{7BB9BE9B-57DD-4763-A8EC-790076FA060A}.Ad-Hoc|Any CPU.Build.0 = Release|Any CPU
		{7BB9BE9B-57DD-4763-A8EC-790076FA060A}.Ad-Hoc|Any CPU.Deploy.0 = Release|Any CPU
		{7BB9BE9B-57DD-4763-A8EC-790076FA060A}.Ad-Hoc|ARM.ActiveCfg = Release|ARM
		{7BB9BE9B-57DD-4763-A8EC-790076FA060A}.Ad-Hoc|ARM.Build.0 = Release|ARM
		{7BB9BE9B-57DD-4763-A8EC-790076FA060A}.Ad-Hoc|ARM.Deploy.0 = Release|ARM
		{7BB9BE9B-57DD-4763-A8EC-790076FA060A}.Ad-Hoc|iPhone.ActiveCfg = Release|Any CPU
		{7BB9BE9B-57DD-4763-A8EC-790076FA060A}.Ad-Hoc|iPhoneSimulator.ActiveCfg = Release|Any CPU
		{7BB9BE9B-57DD-4763-A8EC-790076FA060A}.Ad-Hoc|Mixed Platforms.ActiveCfg = Release|x86
		{7BB9BE9B-57DD-4763-A8EC-790076FA060A}.Ad-Hoc|Mixed Platforms.Build.0 = Release|x86
		{7BB9BE9B-57DD-4763-A8EC-790076FA060A}.Ad-Hoc|Mixed Platforms.Deploy.0 = Release|x86
		{7BB9BE9B-57DD-4763-A8EC-790076FA060A}.Ad-Hoc|x64.ActiveCfg = Release|x64
		{7BB9BE9B-57DD-4763-A8EC-790076FA060A}.Ad-Hoc|x64.Build.0 = Release|x64
		{7BB9BE9B-57DD-4763-A8EC-790076FA060A}.Ad-Hoc|x64.Deploy.0 = Release|x64
		{7BB9BE9B-57DD-4763-A8EC-790076FA060A}.Ad-Hoc|x86.ActiveCfg = Release|x86
		{7BB9BE9B-57DD-4763-A8EC-790076FA060A}.Ad-Hoc|x86.Build.0 = Release|x86
		{7BB9BE9B-57DD-4763-A8EC-790076FA060A}.Ad-Hoc|x86.Deploy.0 = Release|x86
		{7BB9BE9B-57DD-4763-A8EC-790076FA060A}.AppStore|Any CPU.ActiveCfg = Release|Any CPU
		{7BB9BE9B-57DD-4763-A8EC-790076FA060A}.AppStore|Any CPU.Build.0 = Release|Any CPU
		{7BB9BE9B-57DD-4763-A8EC-790076FA060A}.AppStore|Any CPU.Deploy.0 = Release|Any CPU
		{7BB9BE9B-57DD-4763-A8EC-790076FA060A}.AppStore|ARM.ActiveCfg = Release|ARM
		{7BB9BE9B-57DD-4763-A8EC-790076FA060A}.AppStore|ARM.Build.0 = Release|ARM
		{7BB9BE9B-57DD-4763-A8EC-790076FA060A}.AppStore|ARM.Deploy.0 = Release|ARM
		{7BB9BE9B-57DD-4763-A8EC-790076FA060A}.AppStore|iPhone.ActiveCfg = Release|Any CPU
		{7BB9BE9B-57DD-4763-A8EC-790076FA060A}.AppStore|iPhoneSimulator.ActiveCfg = Release|Any CPU
		{7BB9BE9B-57DD-4763-A8EC-790076FA060A}.AppStore|Mixed Platforms.ActiveCfg = Release|x86
		{7BB9BE9B-57DD-4763-A8EC-790076FA060A}.AppStore|Mixed Platforms.Build.0 = Release|x86
		{7BB9BE9B-57DD-4763-A8EC-790076FA060A}.AppStore|Mixed Platforms.Deploy.0 = Release|x86
		{7BB9BE9B-57DD-4763-A8EC-790076FA060A}.AppStore|x64.ActiveCfg = Release|x64
		{7BB9BE9B-57DD-4763-A8EC-790076FA060A}.AppStore|x64.Build.0 = Release|x64
		{7BB9BE9B-57DD-4763-A8EC-790076FA060A}.AppStore|x64.Deploy.0 = Release|x64
		{7BB9BE9B-57DD-4763-A8EC-790076FA060A}.AppStore|x86.ActiveCfg = Release|x86
		{7BB9BE9B-57DD-4763-A8EC-790076FA060A}.AppStore|x86.Build.0 = Release|x86
		{7BB9BE9B-57DD-4763-A8EC-790076FA060A}.AppStore|x86.Deploy.0 = Release|x86
		{7BB9BE9B-57DD-4763-A8EC-790076FA060A}.Debug|Any CPU.ActiveCfg = Debug|Any CPU
		{7BB9BE9B-57DD-4763-A8EC-790076FA060A}.Debug|Any CPU.Build.0 = Debug|Any CPU
		{7BB9BE9B-57DD-4763-A8EC-790076FA060A}.Debug|Any CPU.Deploy.0 = Debug|Any CPU
		{7BB9BE9B-57DD-4763-A8EC-790076FA060A}.Debug|ARM.ActiveCfg = Debug|ARM
		{7BB9BE9B-57DD-4763-A8EC-790076FA060A}.Debug|ARM.Build.0 = Debug|ARM
		{7BB9BE9B-57DD-4763-A8EC-790076FA060A}.Debug|ARM.Deploy.0 = Debug|ARM
		{7BB9BE9B-57DD-4763-A8EC-790076FA060A}.Debug|iPhone.ActiveCfg = Debug|Any CPU
		{7BB9BE9B-57DD-4763-A8EC-790076FA060A}.Debug|iPhoneSimulator.ActiveCfg = Debug|Any CPU
		{7BB9BE9B-57DD-4763-A8EC-790076FA060A}.Debug|Mixed Platforms.ActiveCfg = Debug|x86
		{7BB9BE9B-57DD-4763-A8EC-790076FA060A}.Debug|Mixed Platforms.Build.0 = Debug|x86
		{7BB9BE9B-57DD-4763-A8EC-790076FA060A}.Debug|Mixed Platforms.Deploy.0 = Debug|x86
		{7BB9BE9B-57DD-4763-A8EC-790076FA060A}.Debug|x64.ActiveCfg = Debug|x64
		{7BB9BE9B-57DD-4763-A8EC-790076FA060A}.Debug|x64.Build.0 = Debug|x64
		{7BB9BE9B-57DD-4763-A8EC-790076FA060A}.Debug|x64.Deploy.0 = Debug|x64
		{7BB9BE9B-57DD-4763-A8EC-790076FA060A}.Debug|x86.ActiveCfg = Debug|x86
		{7BB9BE9B-57DD-4763-A8EC-790076FA060A}.Debug|x86.Build.0 = Debug|x86
		{7BB9BE9B-57DD-4763-A8EC-790076FA060A}.Debug|x86.Deploy.0 = Debug|x86
		{7BB9BE9B-57DD-4763-A8EC-790076FA060A}.Release|Any CPU.ActiveCfg = Release|Any CPU
		{7BB9BE9B-57DD-4763-A8EC-790076FA060A}.Release|Any CPU.Build.0 = Release|Any CPU
		{7BB9BE9B-57DD-4763-A8EC-790076FA060A}.Release|Any CPU.Deploy.0 = Release|Any CPU
		{7BB9BE9B-57DD-4763-A8EC-790076FA060A}.Release|ARM.ActiveCfg = Release|ARM
		{7BB9BE9B-57DD-4763-A8EC-790076FA060A}.Release|ARM.Build.0 = Release|ARM
		{7BB9BE9B-57DD-4763-A8EC-790076FA060A}.Release|ARM.Deploy.0 = Release|ARM
		{7BB9BE9B-57DD-4763-A8EC-790076FA060A}.Release|iPhone.ActiveCfg = Release|Any CPU
		{7BB9BE9B-57DD-4763-A8EC-790076FA060A}.Release|iPhoneSimulator.ActiveCfg = Release|Any CPU
		{7BB9BE9B-57DD-4763-A8EC-790076FA060A}.Release|Mixed Platforms.ActiveCfg = Release|x86
		{7BB9BE9B-57DD-4763-A8EC-790076FA060A}.Release|Mixed Platforms.Build.0 = Release|x86
		{7BB9BE9B-57DD-4763-A8EC-790076FA060A}.Release|Mixed Platforms.Deploy.0 = Release|x86
		{7BB9BE9B-57DD-4763-A8EC-790076FA060A}.Release|x64.ActiveCfg = Release|x64
		{7BB9BE9B-57DD-4763-A8EC-790076FA060A}.Release|x64.Build.0 = Release|x64
		{7BB9BE9B-57DD-4763-A8EC-790076FA060A}.Release|x64.Deploy.0 = Release|x64
		{7BB9BE9B-57DD-4763-A8EC-790076FA060A}.Release|x86.ActiveCfg = Release|x86
		{7BB9BE9B-57DD-4763-A8EC-790076FA060A}.Release|x86.Build.0 = Release|x86
		{7BB9BE9B-57DD-4763-A8EC-790076FA060A}.Release|x86.Deploy.0 = Release|x86
		{73EA7523-1813-444F-AC92-73439BC2E4AD}.Ad-Hoc|Any CPU.ActiveCfg = Release|Any CPU
		{73EA7523-1813-444F-AC92-73439BC2E4AD}.Ad-Hoc|Any CPU.Build.0 = Release|Any CPU
		{73EA7523-1813-444F-AC92-73439BC2E4AD}.Ad-Hoc|Any CPU.Deploy.0 = Release|Any CPU
		{73EA7523-1813-444F-AC92-73439BC2E4AD}.Ad-Hoc|ARM.ActiveCfg = Release|Any CPU
		{73EA7523-1813-444F-AC92-73439BC2E4AD}.Ad-Hoc|iPhone.ActiveCfg = Release|Any CPU
		{73EA7523-1813-444F-AC92-73439BC2E4AD}.Ad-Hoc|iPhoneSimulator.ActiveCfg = Release|Any CPU
		{73EA7523-1813-444F-AC92-73439BC2E4AD}.Ad-Hoc|Mixed Platforms.ActiveCfg = Release|Any CPU
		{73EA7523-1813-444F-AC92-73439BC2E4AD}.Ad-Hoc|Mixed Platforms.Build.0 = Release|Any CPU
		{73EA7523-1813-444F-AC92-73439BC2E4AD}.Ad-Hoc|Mixed Platforms.Deploy.0 = Release|Any CPU
		{73EA7523-1813-444F-AC92-73439BC2E4AD}.Ad-Hoc|x64.ActiveCfg = Release|Any CPU
		{73EA7523-1813-444F-AC92-73439BC2E4AD}.Ad-Hoc|x86.ActiveCfg = Release|Any CPU
		{73EA7523-1813-444F-AC92-73439BC2E4AD}.AppStore|Any CPU.ActiveCfg = Release|Any CPU
		{73EA7523-1813-444F-AC92-73439BC2E4AD}.AppStore|Any CPU.Build.0 = Release|Any CPU
		{73EA7523-1813-444F-AC92-73439BC2E4AD}.AppStore|Any CPU.Deploy.0 = Release|Any CPU
		{73EA7523-1813-444F-AC92-73439BC2E4AD}.AppStore|ARM.ActiveCfg = Release|Any CPU
		{73EA7523-1813-444F-AC92-73439BC2E4AD}.AppStore|iPhone.ActiveCfg = Release|Any CPU
		{73EA7523-1813-444F-AC92-73439BC2E4AD}.AppStore|iPhoneSimulator.ActiveCfg = Release|Any CPU
		{73EA7523-1813-444F-AC92-73439BC2E4AD}.AppStore|Mixed Platforms.ActiveCfg = Release|Any CPU
		{73EA7523-1813-444F-AC92-73439BC2E4AD}.AppStore|Mixed Platforms.Build.0 = Release|Any CPU
		{73EA7523-1813-444F-AC92-73439BC2E4AD}.AppStore|Mixed Platforms.Deploy.0 = Release|Any CPU
		{73EA7523-1813-444F-AC92-73439BC2E4AD}.AppStore|x64.ActiveCfg = Release|Any CPU
		{73EA7523-1813-444F-AC92-73439BC2E4AD}.AppStore|x86.ActiveCfg = Release|Any CPU
		{73EA7523-1813-444F-AC92-73439BC2E4AD}.Debug|Any CPU.ActiveCfg = Debug|Any CPU
		{73EA7523-1813-444F-AC92-73439BC2E4AD}.Debug|Any CPU.Build.0 = Debug|Any CPU
		{73EA7523-1813-444F-AC92-73439BC2E4AD}.Debug|Any CPU.Deploy.0 = Debug|Any CPU
		{73EA7523-1813-444F-AC92-73439BC2E4AD}.Debug|ARM.ActiveCfg = Debug|Any CPU
		{73EA7523-1813-444F-AC92-73439BC2E4AD}.Debug|iPhone.ActiveCfg = Debug|Any CPU
		{73EA7523-1813-444F-AC92-73439BC2E4AD}.Debug|iPhoneSimulator.ActiveCfg = Debug|Any CPU
		{73EA7523-1813-444F-AC92-73439BC2E4AD}.Debug|Mixed Platforms.ActiveCfg = Debug|Any CPU
		{73EA7523-1813-444F-AC92-73439BC2E4AD}.Debug|Mixed Platforms.Build.0 = Debug|Any CPU
		{73EA7523-1813-444F-AC92-73439BC2E4AD}.Debug|Mixed Platforms.Deploy.0 = Debug|Any CPU
		{73EA7523-1813-444F-AC92-73439BC2E4AD}.Debug|x64.ActiveCfg = Debug|Any CPU
		{73EA7523-1813-444F-AC92-73439BC2E4AD}.Debug|x86.ActiveCfg = Debug|Any CPU
		{73EA7523-1813-444F-AC92-73439BC2E4AD}.Release|Any CPU.ActiveCfg = Release|Any CPU
		{73EA7523-1813-444F-AC92-73439BC2E4AD}.Release|Any CPU.Build.0 = Release|Any CPU
		{73EA7523-1813-444F-AC92-73439BC2E4AD}.Release|Any CPU.Deploy.0 = Release|Any CPU
		{73EA7523-1813-444F-AC92-73439BC2E4AD}.Release|ARM.ActiveCfg = Release|Any CPU
		{73EA7523-1813-444F-AC92-73439BC2E4AD}.Release|iPhone.ActiveCfg = Release|Any CPU
		{73EA7523-1813-444F-AC92-73439BC2E4AD}.Release|iPhoneSimulator.ActiveCfg = Release|Any CPU
		{73EA7523-1813-444F-AC92-73439BC2E4AD}.Release|Mixed Platforms.ActiveCfg = Release|Any CPU
		{73EA7523-1813-444F-AC92-73439BC2E4AD}.Release|Mixed Platforms.Build.0 = Release|Any CPU
		{73EA7523-1813-444F-AC92-73439BC2E4AD}.Release|Mixed Platforms.Deploy.0 = Release|Any CPU
		{73EA7523-1813-444F-AC92-73439BC2E4AD}.Release|x64.ActiveCfg = Release|Any CPU
		{73EA7523-1813-444F-AC92-73439BC2E4AD}.Release|x86.ActiveCfg = Release|Any CPU
		{D581C680-87EF-4E94-A57A-4E75C8DBA8A2}.Ad-Hoc|Any CPU.ActiveCfg = Release|Any CPU
		{D581C680-87EF-4E94-A57A-4E75C8DBA8A2}.Ad-Hoc|Any CPU.Build.0 = Release|Any CPU
		{D581C680-87EF-4E94-A57A-4E75C8DBA8A2}.Ad-Hoc|ARM.ActiveCfg = Release|Any CPU
		{D581C680-87EF-4E94-A57A-4E75C8DBA8A2}.Ad-Hoc|ARM.Build.0 = Release|Any CPU
		{D581C680-87EF-4E94-A57A-4E75C8DBA8A2}.Ad-Hoc|iPhone.ActiveCfg = Release|Any CPU
		{D581C680-87EF-4E94-A57A-4E75C8DBA8A2}.Ad-Hoc|iPhone.Build.0 = Release|Any CPU
		{D581C680-87EF-4E94-A57A-4E75C8DBA8A2}.Ad-Hoc|iPhoneSimulator.ActiveCfg = Release|Any CPU
		{D581C680-87EF-4E94-A57A-4E75C8DBA8A2}.Ad-Hoc|iPhoneSimulator.Build.0 = Release|Any CPU
		{D581C680-87EF-4E94-A57A-4E75C8DBA8A2}.Ad-Hoc|Mixed Platforms.ActiveCfg = Release|Any CPU
		{D581C680-87EF-4E94-A57A-4E75C8DBA8A2}.Ad-Hoc|Mixed Platforms.Build.0 = Release|Any CPU
		{D581C680-87EF-4E94-A57A-4E75C8DBA8A2}.Ad-Hoc|x64.ActiveCfg = Release|Any CPU
		{D581C680-87EF-4E94-A57A-4E75C8DBA8A2}.Ad-Hoc|x64.Build.0 = Release|Any CPU
		{D581C680-87EF-4E94-A57A-4E75C8DBA8A2}.Ad-Hoc|x86.ActiveCfg = Release|Any CPU
		{D581C680-87EF-4E94-A57A-4E75C8DBA8A2}.Ad-Hoc|x86.Build.0 = Release|Any CPU
		{D581C680-87EF-4E94-A57A-4E75C8DBA8A2}.AppStore|Any CPU.ActiveCfg = Release|Any CPU
		{D581C680-87EF-4E94-A57A-4E75C8DBA8A2}.AppStore|Any CPU.Build.0 = Release|Any CPU
		{D581C680-87EF-4E94-A57A-4E75C8DBA8A2}.AppStore|ARM.ActiveCfg = Release|Any CPU
		{D581C680-87EF-4E94-A57A-4E75C8DBA8A2}.AppStore|ARM.Build.0 = Release|Any CPU
		{D581C680-87EF-4E94-A57A-4E75C8DBA8A2}.AppStore|iPhone.ActiveCfg = Release|Any CPU
		{D581C680-87EF-4E94-A57A-4E75C8DBA8A2}.AppStore|iPhone.Build.0 = Release|Any CPU
		{D581C680-87EF-4E94-A57A-4E75C8DBA8A2}.AppStore|iPhoneSimulator.ActiveCfg = Release|Any CPU
		{D581C680-87EF-4E94-A57A-4E75C8DBA8A2}.AppStore|iPhoneSimulator.Build.0 = Release|Any CPU
		{D581C680-87EF-4E94-A57A-4E75C8DBA8A2}.AppStore|Mixed Platforms.ActiveCfg = Release|Any CPU
		{D581C680-87EF-4E94-A57A-4E75C8DBA8A2}.AppStore|Mixed Platforms.Build.0 = Release|Any CPU
		{D581C680-87EF-4E94-A57A-4E75C8DBA8A2}.AppStore|x64.ActiveCfg = Release|Any CPU
		{D581C680-87EF-4E94-A57A-4E75C8DBA8A2}.AppStore|x64.Build.0 = Release|Any CPU
		{D581C680-87EF-4E94-A57A-4E75C8DBA8A2}.AppStore|x86.ActiveCfg = Release|Any CPU
		{D581C680-87EF-4E94-A57A-4E75C8DBA8A2}.AppStore|x86.Build.0 = Release|Any CPU
		{D581C680-87EF-4E94-A57A-4E75C8DBA8A2}.Debug|Any CPU.ActiveCfg = Debug|Any CPU
		{D581C680-87EF-4E94-A57A-4E75C8DBA8A2}.Debug|Any CPU.Build.0 = Debug|Any CPU
		{D581C680-87EF-4E94-A57A-4E75C8DBA8A2}.Debug|ARM.ActiveCfg = Debug|Any CPU
		{D581C680-87EF-4E94-A57A-4E75C8DBA8A2}.Debug|ARM.Build.0 = Debug|Any CPU
		{D581C680-87EF-4E94-A57A-4E75C8DBA8A2}.Debug|iPhone.ActiveCfg = Debug|Any CPU
		{D581C680-87EF-4E94-A57A-4E75C8DBA8A2}.Debug|iPhone.Build.0 = Debug|Any CPU
		{D581C680-87EF-4E94-A57A-4E75C8DBA8A2}.Debug|iPhoneSimulator.ActiveCfg = Debug|Any CPU
		{D581C680-87EF-4E94-A57A-4E75C8DBA8A2}.Debug|iPhoneSimulator.Build.0 = Debug|Any CPU
		{D581C680-87EF-4E94-A57A-4E75C8DBA8A2}.Debug|Mixed Platforms.ActiveCfg = Debug|Any CPU
		{D581C680-87EF-4E94-A57A-4E75C8DBA8A2}.Debug|Mixed Platforms.Build.0 = Debug|Any CPU
		{D581C680-87EF-4E94-A57A-4E75C8DBA8A2}.Debug|x64.ActiveCfg = Debug|Any CPU
		{D581C680-87EF-4E94-A57A-4E75C8DBA8A2}.Debug|x64.Build.0 = Debug|Any CPU
		{D581C680-87EF-4E94-A57A-4E75C8DBA8A2}.Debug|x86.ActiveCfg = Debug|Any CPU
		{D581C680-87EF-4E94-A57A-4E75C8DBA8A2}.Debug|x86.Build.0 = Debug|Any CPU
		{D581C680-87EF-4E94-A57A-4E75C8DBA8A2}.Release|Any CPU.ActiveCfg = Release|Any CPU
		{D581C680-87EF-4E94-A57A-4E75C8DBA8A2}.Release|Any CPU.Build.0 = Release|Any CPU
		{D581C680-87EF-4E94-A57A-4E75C8DBA8A2}.Release|ARM.ActiveCfg = Release|Any CPU
		{D581C680-87EF-4E94-A57A-4E75C8DBA8A2}.Release|ARM.Build.0 = Release|Any CPU
		{D581C680-87EF-4E94-A57A-4E75C8DBA8A2}.Release|iPhone.ActiveCfg = Release|Any CPU
		{D581C680-87EF-4E94-A57A-4E75C8DBA8A2}.Release|iPhone.Build.0 = Release|Any CPU
		{D581C680-87EF-4E94-A57A-4E75C8DBA8A2}.Release|iPhoneSimulator.ActiveCfg = Release|Any CPU
		{D581C680-87EF-4E94-A57A-4E75C8DBA8A2}.Release|iPhoneSimulator.Build.0 = Release|Any CPU
		{D581C680-87EF-4E94-A57A-4E75C8DBA8A2}.Release|Mixed Platforms.ActiveCfg = Release|Any CPU
		{D581C680-87EF-4E94-A57A-4E75C8DBA8A2}.Release|Mixed Platforms.Build.0 = Release|Any CPU
		{D581C680-87EF-4E94-A57A-4E75C8DBA8A2}.Release|x64.ActiveCfg = Release|Any CPU
		{D581C680-87EF-4E94-A57A-4E75C8DBA8A2}.Release|x64.Build.0 = Release|Any CPU
		{D581C680-87EF-4E94-A57A-4E75C8DBA8A2}.Release|x86.ActiveCfg = Release|Any CPU
		{D581C680-87EF-4E94-A57A-4E75C8DBA8A2}.Release|x86.Build.0 = Release|Any CPU
		{74FD09C0-B2DB-4F5F-8E66-43A255844DEA}.Ad-Hoc|Any CPU.ActiveCfg = Ad-Hoc|iPhone
		{74FD09C0-B2DB-4F5F-8E66-43A255844DEA}.Ad-Hoc|Any CPU.Build.0 = Ad-Hoc|iPhone
		{74FD09C0-B2DB-4F5F-8E66-43A255844DEA}.Ad-Hoc|ARM.ActiveCfg = Ad-Hoc|iPhone
		{74FD09C0-B2DB-4F5F-8E66-43A255844DEA}.Ad-Hoc|ARM.Build.0 = Ad-Hoc|iPhone
		{74FD09C0-B2DB-4F5F-8E66-43A255844DEA}.Ad-Hoc|iPhone.ActiveCfg = Ad-Hoc|iPhone
		{74FD09C0-B2DB-4F5F-8E66-43A255844DEA}.Ad-Hoc|iPhone.Build.0 = Ad-Hoc|iPhone
		{74FD09C0-B2DB-4F5F-8E66-43A255844DEA}.Ad-Hoc|iPhoneSimulator.ActiveCfg = Debug|iPhoneSimulator
		{74FD09C0-B2DB-4F5F-8E66-43A255844DEA}.Ad-Hoc|iPhoneSimulator.Build.0 = Debug|iPhoneSimulator
		{74FD09C0-B2DB-4F5F-8E66-43A255844DEA}.Ad-Hoc|Mixed Platforms.ActiveCfg = Ad-Hoc|iPhone
		{74FD09C0-B2DB-4F5F-8E66-43A255844DEA}.Ad-Hoc|Mixed Platforms.Build.0 = Ad-Hoc|iPhone
		{74FD09C0-B2DB-4F5F-8E66-43A255844DEA}.Ad-Hoc|x64.ActiveCfg = Ad-Hoc|iPhone
		{74FD09C0-B2DB-4F5F-8E66-43A255844DEA}.Ad-Hoc|x64.Build.0 = Ad-Hoc|iPhone
		{74FD09C0-B2DB-4F5F-8E66-43A255844DEA}.Ad-Hoc|x86.ActiveCfg = Ad-Hoc|iPhone
		{74FD09C0-B2DB-4F5F-8E66-43A255844DEA}.Ad-Hoc|x86.Build.0 = Ad-Hoc|iPhone
		{74FD09C0-B2DB-4F5F-8E66-43A255844DEA}.AppStore|Any CPU.ActiveCfg = AppStore|iPhone
		{74FD09C0-B2DB-4F5F-8E66-43A255844DEA}.AppStore|Any CPU.Build.0 = AppStore|iPhone
		{74FD09C0-B2DB-4F5F-8E66-43A255844DEA}.AppStore|ARM.ActiveCfg = AppStore|iPhone
		{74FD09C0-B2DB-4F5F-8E66-43A255844DEA}.AppStore|ARM.Build.0 = AppStore|iPhone
		{74FD09C0-B2DB-4F5F-8E66-43A255844DEA}.AppStore|iPhone.ActiveCfg = AppStore|iPhone
		{74FD09C0-B2DB-4F5F-8E66-43A255844DEA}.AppStore|iPhone.Build.0 = AppStore|iPhone
		{74FD09C0-B2DB-4F5F-8E66-43A255844DEA}.AppStore|iPhoneSimulator.ActiveCfg = Debug|iPhoneSimulator
		{74FD09C0-B2DB-4F5F-8E66-43A255844DEA}.AppStore|iPhoneSimulator.Build.0 = Debug|iPhoneSimulator
		{74FD09C0-B2DB-4F5F-8E66-43A255844DEA}.AppStore|Mixed Platforms.ActiveCfg = AppStore|iPhone
		{74FD09C0-B2DB-4F5F-8E66-43A255844DEA}.AppStore|Mixed Platforms.Build.0 = AppStore|iPhone
		{74FD09C0-B2DB-4F5F-8E66-43A255844DEA}.AppStore|x64.ActiveCfg = AppStore|iPhone
		{74FD09C0-B2DB-4F5F-8E66-43A255844DEA}.AppStore|x64.Build.0 = AppStore|iPhone
		{74FD09C0-B2DB-4F5F-8E66-43A255844DEA}.AppStore|x86.ActiveCfg = AppStore|iPhone
		{74FD09C0-B2DB-4F5F-8E66-43A255844DEA}.AppStore|x86.Build.0 = AppStore|iPhone
		{74FD09C0-B2DB-4F5F-8E66-43A255844DEA}.Debug|Any CPU.ActiveCfg = Debug|iPhoneSimulator
		{74FD09C0-B2DB-4F5F-8E66-43A255844DEA}.Debug|Any CPU.Build.0 = Debug|iPhoneSimulator
		{74FD09C0-B2DB-4F5F-8E66-43A255844DEA}.Debug|ARM.ActiveCfg = Debug|iPhoneSimulator
		{74FD09C0-B2DB-4F5F-8E66-43A255844DEA}.Debug|ARM.Build.0 = Debug|iPhoneSimulator
		{74FD09C0-B2DB-4F5F-8E66-43A255844DEA}.Debug|iPhone.ActiveCfg = Debug|iPhone
		{74FD09C0-B2DB-4F5F-8E66-43A255844DEA}.Debug|iPhone.Build.0 = Debug|iPhone
		{74FD09C0-B2DB-4F5F-8E66-43A255844DEA}.Debug|iPhoneSimulator.ActiveCfg = Debug|iPhoneSimulator
		{74FD09C0-B2DB-4F5F-8E66-43A255844DEA}.Debug|iPhoneSimulator.Build.0 = Debug|iPhoneSimulator
		{74FD09C0-B2DB-4F5F-8E66-43A255844DEA}.Debug|Mixed Platforms.ActiveCfg = Debug|iPhoneSimulator
		{74FD09C0-B2DB-4F5F-8E66-43A255844DEA}.Debug|Mixed Platforms.Build.0 = Debug|iPhoneSimulator
		{74FD09C0-B2DB-4F5F-8E66-43A255844DEA}.Debug|x64.ActiveCfg = Debug|iPhoneSimulator
		{74FD09C0-B2DB-4F5F-8E66-43A255844DEA}.Debug|x64.Build.0 = Debug|iPhoneSimulator
		{74FD09C0-B2DB-4F5F-8E66-43A255844DEA}.Debug|x86.ActiveCfg = Debug|iPhoneSimulator
		{74FD09C0-B2DB-4F5F-8E66-43A255844DEA}.Debug|x86.Build.0 = Debug|iPhoneSimulator
		{74FD09C0-B2DB-4F5F-8E66-43A255844DEA}.Release|Any CPU.ActiveCfg = Release|iPhoneSimulator
		{74FD09C0-B2DB-4F5F-8E66-43A255844DEA}.Release|Any CPU.Build.0 = Release|iPhoneSimulator
		{74FD09C0-B2DB-4F5F-8E66-43A255844DEA}.Release|ARM.ActiveCfg = Release|iPhoneSimulator
		{74FD09C0-B2DB-4F5F-8E66-43A255844DEA}.Release|ARM.Build.0 = Release|iPhoneSimulator
		{74FD09C0-B2DB-4F5F-8E66-43A255844DEA}.Release|iPhone.ActiveCfg = Release|iPhone
		{74FD09C0-B2DB-4F5F-8E66-43A255844DEA}.Release|iPhone.Build.0 = Release|iPhone
		{74FD09C0-B2DB-4F5F-8E66-43A255844DEA}.Release|iPhoneSimulator.ActiveCfg = Release|iPhoneSimulator
		{74FD09C0-B2DB-4F5F-8E66-43A255844DEA}.Release|iPhoneSimulator.Build.0 = Release|iPhoneSimulator
		{74FD09C0-B2DB-4F5F-8E66-43A255844DEA}.Release|Mixed Platforms.ActiveCfg = Release|iPhoneSimulator
		{74FD09C0-B2DB-4F5F-8E66-43A255844DEA}.Release|Mixed Platforms.Build.0 = Release|iPhoneSimulator
		{74FD09C0-B2DB-4F5F-8E66-43A255844DEA}.Release|x64.ActiveCfg = Release|iPhoneSimulator
		{74FD09C0-B2DB-4F5F-8E66-43A255844DEA}.Release|x64.Build.0 = Release|iPhoneSimulator
		{74FD09C0-B2DB-4F5F-8E66-43A255844DEA}.Release|x86.ActiveCfg = Release|iPhoneSimulator
		{74FD09C0-B2DB-4F5F-8E66-43A255844DEA}.Release|x86.Build.0 = Release|iPhoneSimulator
		{48132509-6796-4A1E-A327-02546AA95EDD}.Ad-Hoc|Any CPU.ActiveCfg = Debug|Any CPU
		{48132509-6796-4A1E-A327-02546AA95EDD}.Ad-Hoc|Any CPU.Build.0 = Debug|Any CPU
		{48132509-6796-4A1E-A327-02546AA95EDD}.Ad-Hoc|ARM.ActiveCfg = Debug|Any CPU
		{48132509-6796-4A1E-A327-02546AA95EDD}.Ad-Hoc|ARM.Build.0 = Debug|Any CPU
		{48132509-6796-4A1E-A327-02546AA95EDD}.Ad-Hoc|iPhone.ActiveCfg = Debug|Any CPU
		{48132509-6796-4A1E-A327-02546AA95EDD}.Ad-Hoc|iPhone.Build.0 = Debug|Any CPU
		{48132509-6796-4A1E-A327-02546AA95EDD}.Ad-Hoc|iPhoneSimulator.ActiveCfg = Debug|Any CPU
		{48132509-6796-4A1E-A327-02546AA95EDD}.Ad-Hoc|iPhoneSimulator.Build.0 = Debug|Any CPU
		{48132509-6796-4A1E-A327-02546AA95EDD}.Ad-Hoc|Mixed Platforms.ActiveCfg = Debug|Any CPU
		{48132509-6796-4A1E-A327-02546AA95EDD}.Ad-Hoc|Mixed Platforms.Build.0 = Debug|Any CPU
		{48132509-6796-4A1E-A327-02546AA95EDD}.Ad-Hoc|x64.ActiveCfg = Debug|Any CPU
		{48132509-6796-4A1E-A327-02546AA95EDD}.Ad-Hoc|x64.Build.0 = Debug|Any CPU
		{48132509-6796-4A1E-A327-02546AA95EDD}.Ad-Hoc|x86.ActiveCfg = Debug|Any CPU
		{48132509-6796-4A1E-A327-02546AA95EDD}.Ad-Hoc|x86.Build.0 = Debug|Any CPU
		{48132509-6796-4A1E-A327-02546AA95EDD}.AppStore|Any CPU.ActiveCfg = Debug|Any CPU
		{48132509-6796-4A1E-A327-02546AA95EDD}.AppStore|Any CPU.Build.0 = Debug|Any CPU
		{48132509-6796-4A1E-A327-02546AA95EDD}.AppStore|ARM.ActiveCfg = Debug|Any CPU
		{48132509-6796-4A1E-A327-02546AA95EDD}.AppStore|ARM.Build.0 = Debug|Any CPU
		{48132509-6796-4A1E-A327-02546AA95EDD}.AppStore|iPhone.ActiveCfg = Debug|Any CPU
		{48132509-6796-4A1E-A327-02546AA95EDD}.AppStore|iPhone.Build.0 = Debug|Any CPU
		{48132509-6796-4A1E-A327-02546AA95EDD}.AppStore|iPhoneSimulator.ActiveCfg = Debug|Any CPU
		{48132509-6796-4A1E-A327-02546AA95EDD}.AppStore|iPhoneSimulator.Build.0 = Debug|Any CPU
		{48132509-6796-4A1E-A327-02546AA95EDD}.AppStore|Mixed Platforms.ActiveCfg = Debug|Any CPU
		{48132509-6796-4A1E-A327-02546AA95EDD}.AppStore|Mixed Platforms.Build.0 = Debug|Any CPU
		{48132509-6796-4A1E-A327-02546AA95EDD}.AppStore|x64.ActiveCfg = Debug|Any CPU
		{48132509-6796-4A1E-A327-02546AA95EDD}.AppStore|x64.Build.0 = Debug|Any CPU
		{48132509-6796-4A1E-A327-02546AA95EDD}.AppStore|x86.ActiveCfg = Debug|Any CPU
		{48132509-6796-4A1E-A327-02546AA95EDD}.AppStore|x86.Build.0 = Debug|Any CPU
		{48132509-6796-4A1E-A327-02546AA95EDD}.Debug|Any CPU.ActiveCfg = Debug|Any CPU
		{48132509-6796-4A1E-A327-02546AA95EDD}.Debug|Any CPU.Build.0 = Debug|Any CPU
		{48132509-6796-4A1E-A327-02546AA95EDD}.Debug|ARM.ActiveCfg = Debug|Any CPU
		{48132509-6796-4A1E-A327-02546AA95EDD}.Debug|ARM.Build.0 = Debug|Any CPU
		{48132509-6796-4A1E-A327-02546AA95EDD}.Debug|iPhone.ActiveCfg = Debug|Any CPU
		{48132509-6796-4A1E-A327-02546AA95EDD}.Debug|iPhone.Build.0 = Debug|Any CPU
		{48132509-6796-4A1E-A327-02546AA95EDD}.Debug|iPhoneSimulator.ActiveCfg = Debug|Any CPU
		{48132509-6796-4A1E-A327-02546AA95EDD}.Debug|iPhoneSimulator.Build.0 = Debug|Any CPU
		{48132509-6796-4A1E-A327-02546AA95EDD}.Debug|Mixed Platforms.ActiveCfg = Debug|Any CPU
		{48132509-6796-4A1E-A327-02546AA95EDD}.Debug|Mixed Platforms.Build.0 = Debug|Any CPU
		{48132509-6796-4A1E-A327-02546AA95EDD}.Debug|x64.ActiveCfg = Debug|Any CPU
		{48132509-6796-4A1E-A327-02546AA95EDD}.Debug|x64.Build.0 = Debug|Any CPU
		{48132509-6796-4A1E-A327-02546AA95EDD}.Debug|x86.ActiveCfg = Debug|Any CPU
		{48132509-6796-4A1E-A327-02546AA95EDD}.Debug|x86.Build.0 = Debug|Any CPU
		{48132509-6796-4A1E-A327-02546AA95EDD}.Release|Any CPU.ActiveCfg = Release|Any CPU
		{48132509-6796-4A1E-A327-02546AA95EDD}.Release|Any CPU.Build.0 = Release|Any CPU
		{48132509-6796-4A1E-A327-02546AA95EDD}.Release|ARM.ActiveCfg = Release|Any CPU
		{48132509-6796-4A1E-A327-02546AA95EDD}.Release|ARM.Build.0 = Release|Any CPU
		{48132509-6796-4A1E-A327-02546AA95EDD}.Release|iPhone.ActiveCfg = Release|Any CPU
		{48132509-6796-4A1E-A327-02546AA95EDD}.Release|iPhone.Build.0 = Release|Any CPU
		{48132509-6796-4A1E-A327-02546AA95EDD}.Release|iPhoneSimulator.ActiveCfg = Release|Any CPU
		{48132509-6796-4A1E-A327-02546AA95EDD}.Release|iPhoneSimulator.Build.0 = Release|Any CPU
		{48132509-6796-4A1E-A327-02546AA95EDD}.Release|Mixed Platforms.ActiveCfg = Release|Any CPU
		{48132509-6796-4A1E-A327-02546AA95EDD}.Release|Mixed Platforms.Build.0 = Release|Any CPU
		{48132509-6796-4A1E-A327-02546AA95EDD}.Release|x64.ActiveCfg = Release|Any CPU
		{48132509-6796-4A1E-A327-02546AA95EDD}.Release|x64.Build.0 = Release|Any CPU
		{48132509-6796-4A1E-A327-02546AA95EDD}.Release|x86.ActiveCfg = Release|Any CPU
		{48132509-6796-4A1E-A327-02546AA95EDD}.Release|x86.Build.0 = Release|Any CPU
		{C7C0BE9D-0293-4E6C-A135-B0B336DCA609}.Ad-Hoc|Any CPU.ActiveCfg = Release|Any CPU
		{C7C0BE9D-0293-4E6C-A135-B0B336DCA609}.Ad-Hoc|Any CPU.Build.0 = Release|Any CPU
		{C7C0BE9D-0293-4E6C-A135-B0B336DCA609}.Ad-Hoc|Any CPU.Deploy.0 = Release|Any CPU
		{C7C0BE9D-0293-4E6C-A135-B0B336DCA609}.Ad-Hoc|ARM.ActiveCfg = Release|Any CPU
		{C7C0BE9D-0293-4E6C-A135-B0B336DCA609}.Ad-Hoc|iPhone.ActiveCfg = Release|Any CPU
		{C7C0BE9D-0293-4E6C-A135-B0B336DCA609}.Ad-Hoc|iPhoneSimulator.ActiveCfg = Release|Any CPU
		{C7C0BE9D-0293-4E6C-A135-B0B336DCA609}.Ad-Hoc|Mixed Platforms.ActiveCfg = Release|Any CPU
		{C7C0BE9D-0293-4E6C-A135-B0B336DCA609}.Ad-Hoc|Mixed Platforms.Build.0 = Release|Any CPU
		{C7C0BE9D-0293-4E6C-A135-B0B336DCA609}.Ad-Hoc|Mixed Platforms.Deploy.0 = Release|Any CPU
		{C7C0BE9D-0293-4E6C-A135-B0B336DCA609}.Ad-Hoc|x64.ActiveCfg = Release|Any CPU
		{C7C0BE9D-0293-4E6C-A135-B0B336DCA609}.Ad-Hoc|x86.ActiveCfg = Release|Any CPU
		{C7C0BE9D-0293-4E6C-A135-B0B336DCA609}.AppStore|Any CPU.ActiveCfg = Release|Any CPU
		{C7C0BE9D-0293-4E6C-A135-B0B336DCA609}.AppStore|Any CPU.Build.0 = Release|Any CPU
		{C7C0BE9D-0293-4E6C-A135-B0B336DCA609}.AppStore|Any CPU.Deploy.0 = Release|Any CPU
		{C7C0BE9D-0293-4E6C-A135-B0B336DCA609}.AppStore|ARM.ActiveCfg = Release|Any CPU
		{C7C0BE9D-0293-4E6C-A135-B0B336DCA609}.AppStore|iPhone.ActiveCfg = Release|Any CPU
		{C7C0BE9D-0293-4E6C-A135-B0B336DCA609}.AppStore|iPhoneSimulator.ActiveCfg = Release|Any CPU
		{C7C0BE9D-0293-4E6C-A135-B0B336DCA609}.AppStore|Mixed Platforms.ActiveCfg = Release|Any CPU
		{C7C0BE9D-0293-4E6C-A135-B0B336DCA609}.AppStore|Mixed Platforms.Build.0 = Release|Any CPU
		{C7C0BE9D-0293-4E6C-A135-B0B336DCA609}.AppStore|Mixed Platforms.Deploy.0 = Release|Any CPU
		{C7C0BE9D-0293-4E6C-A135-B0B336DCA609}.AppStore|x64.ActiveCfg = Release|Any CPU
		{C7C0BE9D-0293-4E6C-A135-B0B336DCA609}.AppStore|x86.ActiveCfg = Release|Any CPU
		{C7C0BE9D-0293-4E6C-A135-B0B336DCA609}.Debug|Any CPU.ActiveCfg = Debug|Any CPU
		{C7C0BE9D-0293-4E6C-A135-B0B336DCA609}.Debug|Any CPU.Build.0 = Debug|Any CPU
		{C7C0BE9D-0293-4E6C-A135-B0B336DCA609}.Debug|Any CPU.Deploy.0 = Debug|Any CPU
		{C7C0BE9D-0293-4E6C-A135-B0B336DCA609}.Debug|ARM.ActiveCfg = Debug|Any CPU
		{C7C0BE9D-0293-4E6C-A135-B0B336DCA609}.Debug|iPhone.ActiveCfg = Debug|Any CPU
		{C7C0BE9D-0293-4E6C-A135-B0B336DCA609}.Debug|iPhoneSimulator.ActiveCfg = Debug|Any CPU
		{C7C0BE9D-0293-4E6C-A135-B0B336DCA609}.Debug|Mixed Platforms.ActiveCfg = Debug|Any CPU
		{C7C0BE9D-0293-4E6C-A135-B0B336DCA609}.Debug|Mixed Platforms.Build.0 = Debug|Any CPU
		{C7C0BE9D-0293-4E6C-A135-B0B336DCA609}.Debug|Mixed Platforms.Deploy.0 = Debug|Any CPU
		{C7C0BE9D-0293-4E6C-A135-B0B336DCA609}.Debug|x64.ActiveCfg = Debug|Any CPU
		{C7C0BE9D-0293-4E6C-A135-B0B336DCA609}.Debug|x86.ActiveCfg = Debug|Any CPU
		{C7C0BE9D-0293-4E6C-A135-B0B336DCA609}.Release|Any CPU.ActiveCfg = Release|Any CPU
		{C7C0BE9D-0293-4E6C-A135-B0B336DCA609}.Release|Any CPU.Build.0 = Release|Any CPU
		{C7C0BE9D-0293-4E6C-A135-B0B336DCA609}.Release|Any CPU.Deploy.0 = Release|Any CPU
		{C7C0BE9D-0293-4E6C-A135-B0B336DCA609}.Release|ARM.ActiveCfg = Release|Any CPU
		{C7C0BE9D-0293-4E6C-A135-B0B336DCA609}.Release|iPhone.ActiveCfg = Release|Any CPU
		{C7C0BE9D-0293-4E6C-A135-B0B336DCA609}.Release|iPhoneSimulator.ActiveCfg = Release|Any CPU
		{C7C0BE9D-0293-4E6C-A135-B0B336DCA609}.Release|Mixed Platforms.ActiveCfg = Release|Any CPU
		{C7C0BE9D-0293-4E6C-A135-B0B336DCA609}.Release|Mixed Platforms.Build.0 = Release|Any CPU
		{C7C0BE9D-0293-4E6C-A135-B0B336DCA609}.Release|Mixed Platforms.Deploy.0 = Release|Any CPU
		{C7C0BE9D-0293-4E6C-A135-B0B336DCA609}.Release|x64.ActiveCfg = Release|Any CPU
		{C7C0BE9D-0293-4E6C-A135-B0B336DCA609}.Release|x86.ActiveCfg = Release|Any CPU
		{5198FC97-4A90-4837-AB6A-140E02CE533E}.Ad-Hoc|Any CPU.ActiveCfg = Ad-Hoc|iPhone
		{5198FC97-4A90-4837-AB6A-140E02CE533E}.Ad-Hoc|ARM.ActiveCfg = Ad-Hoc|iPhone
		{5198FC97-4A90-4837-AB6A-140E02CE533E}.Ad-Hoc|iPhone.ActiveCfg = Ad-Hoc|iPhone
		{5198FC97-4A90-4837-AB6A-140E02CE533E}.Ad-Hoc|iPhone.Build.0 = Ad-Hoc|iPhone
		{5198FC97-4A90-4837-AB6A-140E02CE533E}.Ad-Hoc|iPhone.Deploy.0 = Ad-Hoc|iPhone
		{5198FC97-4A90-4837-AB6A-140E02CE533E}.Ad-Hoc|iPhoneSimulator.ActiveCfg = Ad-Hoc|iPhoneSimulator
		{5198FC97-4A90-4837-AB6A-140E02CE533E}.Ad-Hoc|iPhoneSimulator.Build.0 = Ad-Hoc|iPhoneSimulator
		{5198FC97-4A90-4837-AB6A-140E02CE533E}.Ad-Hoc|iPhoneSimulator.Deploy.0 = Ad-Hoc|iPhoneSimulator
		{5198FC97-4A90-4837-AB6A-140E02CE533E}.Ad-Hoc|Mixed Platforms.ActiveCfg = Ad-Hoc|iPhone
		{5198FC97-4A90-4837-AB6A-140E02CE533E}.Ad-Hoc|Mixed Platforms.Build.0 = Ad-Hoc|iPhone
		{5198FC97-4A90-4837-AB6A-140E02CE533E}.Ad-Hoc|Mixed Platforms.Deploy.0 = Ad-Hoc|iPhone
		{5198FC97-4A90-4837-AB6A-140E02CE533E}.Ad-Hoc|x64.ActiveCfg = Ad-Hoc|iPhone
		{5198FC97-4A90-4837-AB6A-140E02CE533E}.Ad-Hoc|x86.ActiveCfg = Ad-Hoc|iPhone
		{5198FC97-4A90-4837-AB6A-140E02CE533E}.AppStore|Any CPU.ActiveCfg = AppStore|iPhone
		{5198FC97-4A90-4837-AB6A-140E02CE533E}.AppStore|ARM.ActiveCfg = AppStore|iPhone
		{5198FC97-4A90-4837-AB6A-140E02CE533E}.AppStore|iPhone.ActiveCfg = AppStore|iPhone
		{5198FC97-4A90-4837-AB6A-140E02CE533E}.AppStore|iPhone.Build.0 = AppStore|iPhone
		{5198FC97-4A90-4837-AB6A-140E02CE533E}.AppStore|iPhone.Deploy.0 = AppStore|iPhone
		{5198FC97-4A90-4837-AB6A-140E02CE533E}.AppStore|iPhoneSimulator.ActiveCfg = AppStore|iPhoneSimulator
		{5198FC97-4A90-4837-AB6A-140E02CE533E}.AppStore|iPhoneSimulator.Build.0 = AppStore|iPhoneSimulator
		{5198FC97-4A90-4837-AB6A-140E02CE533E}.AppStore|iPhoneSimulator.Deploy.0 = AppStore|iPhoneSimulator
		{5198FC97-4A90-4837-AB6A-140E02CE533E}.AppStore|Mixed Platforms.ActiveCfg = AppStore|iPhone
		{5198FC97-4A90-4837-AB6A-140E02CE533E}.AppStore|Mixed Platforms.Build.0 = AppStore|iPhone
		{5198FC97-4A90-4837-AB6A-140E02CE533E}.AppStore|Mixed Platforms.Deploy.0 = AppStore|iPhone
		{5198FC97-4A90-4837-AB6A-140E02CE533E}.AppStore|x64.ActiveCfg = AppStore|iPhone
		{5198FC97-4A90-4837-AB6A-140E02CE533E}.AppStore|x86.ActiveCfg = AppStore|iPhone
		{5198FC97-4A90-4837-AB6A-140E02CE533E}.Debug|Any CPU.ActiveCfg = Debug|iPhone
		{5198FC97-4A90-4837-AB6A-140E02CE533E}.Debug|ARM.ActiveCfg = Debug|iPhone
		{5198FC97-4A90-4837-AB6A-140E02CE533E}.Debug|iPhone.ActiveCfg = Debug|iPhone
		{5198FC97-4A90-4837-AB6A-140E02CE533E}.Debug|iPhone.Build.0 = Debug|iPhone
		{5198FC97-4A90-4837-AB6A-140E02CE533E}.Debug|iPhone.Deploy.0 = Debug|iPhone
		{5198FC97-4A90-4837-AB6A-140E02CE533E}.Debug|iPhoneSimulator.ActiveCfg = Debug|iPhoneSimulator
		{5198FC97-4A90-4837-AB6A-140E02CE533E}.Debug|iPhoneSimulator.Build.0 = Debug|iPhoneSimulator
		{5198FC97-4A90-4837-AB6A-140E02CE533E}.Debug|iPhoneSimulator.Deploy.0 = Debug|iPhoneSimulator
		{5198FC97-4A90-4837-AB6A-140E02CE533E}.Debug|Mixed Platforms.ActiveCfg = Debug|iPhone
		{5198FC97-4A90-4837-AB6A-140E02CE533E}.Debug|Mixed Platforms.Build.0 = Debug|iPhone
		{5198FC97-4A90-4837-AB6A-140E02CE533E}.Debug|Mixed Platforms.Deploy.0 = Debug|iPhone
		{5198FC97-4A90-4837-AB6A-140E02CE533E}.Debug|x64.ActiveCfg = Debug|iPhone
		{5198FC97-4A90-4837-AB6A-140E02CE533E}.Debug|x86.ActiveCfg = Debug|iPhone
		{5198FC97-4A90-4837-AB6A-140E02CE533E}.Release|Any CPU.ActiveCfg = Release|iPhone
		{5198FC97-4A90-4837-AB6A-140E02CE533E}.Release|ARM.ActiveCfg = Release|iPhone
		{5198FC97-4A90-4837-AB6A-140E02CE533E}.Release|iPhone.ActiveCfg = Release|iPhone
		{5198FC97-4A90-4837-AB6A-140E02CE533E}.Release|iPhone.Build.0 = Release|iPhone
		{5198FC97-4A90-4837-AB6A-140E02CE533E}.Release|iPhone.Deploy.0 = Release|iPhone
		{5198FC97-4A90-4837-AB6A-140E02CE533E}.Release|iPhoneSimulator.ActiveCfg = Release|iPhoneSimulator
		{5198FC97-4A90-4837-AB6A-140E02CE533E}.Release|iPhoneSimulator.Build.0 = Release|iPhoneSimulator
		{5198FC97-4A90-4837-AB6A-140E02CE533E}.Release|iPhoneSimulator.Deploy.0 = Release|iPhoneSimulator
		{5198FC97-4A90-4837-AB6A-140E02CE533E}.Release|Mixed Platforms.ActiveCfg = Release|iPhone
		{5198FC97-4A90-4837-AB6A-140E02CE533E}.Release|Mixed Platforms.Build.0 = Release|iPhone
		{5198FC97-4A90-4837-AB6A-140E02CE533E}.Release|Mixed Platforms.Deploy.0 = Release|iPhone
		{5198FC97-4A90-4837-AB6A-140E02CE533E}.Release|x64.ActiveCfg = Release|iPhone
		{5198FC97-4A90-4837-AB6A-140E02CE533E}.Release|x86.ActiveCfg = Release|iPhone
	EndGlobalSection
	GlobalSection(SolutionProperties) = preSolution
		HideSolutionNode = FALSE
	EndGlobalSection
	GlobalSection(MonoDevelopProperties) = preSolution
		StartupItem = Skadoosh.Store\Skadoosh.Store.csproj
	EndGlobalSection
EndGlobal
